// !$*UTF8*$!
{
	archiveVersion = 1;
	classes = {
	};
	objectVersion = 77;
	objects = {

/* Begin PBXBuildFile section */
		2EF5A4962E292DE8006CEDFD /* AgentsClientSDK in Frameworks */ = {isa = PBXBuildFile; productRef = 2EF5A4952E292DE8006CEDFD /* AgentsClientSDK */; };
		2EF5A4972E292DE8006CEDFD /* AgentsClientSDK in Embed Frameworks */ = {isa = PBXBuildFile; productRef = 2EF5A4952E292DE8006CEDFD /* AgentsClientSDK */; settings = {ATTRIBUTES = (CodeSignOnCopy, ); }; };
/* End PBXBuildFile section */

/* Begin PBXContainerItemProxy section */
		2E3A3A5C2E15770B00D5400F /* PBXContainerItemProxy */ = {
			isa = PBXContainerItemProxy;
			containerPortal = 2E3A3A432E15770A00D5400F /* Project object */;
			proxyType = 1;
			remoteGlobalIDString = 2E3A3A4A2E15770A00D5400F;
			remoteInfo = SampleApp;
		};
		2E3A3A662E15770B00D5400F /* PBXContainerItemProxy */ = {
			isa = PBXContainerItemProxy;
			containerPortal = 2E3A3A432E15770A00D5400F /* Project object */;
			proxyType = 1;
			remoteGlobalIDString = 2E3A3A4A2E15770A00D5400F;
			remoteInfo = SampleApp;
		};
/* End PBXContainerItemProxy section */

/* Begin PBXCopyFilesBuildPhase section */
		2E3A3A8C2E1577EE00D5400F /* Embed Frameworks */ = {
			isa = PBXCopyFilesBuildPhase;
			buildActionMask = 2147483647;
			dstPath = "";
			dstSubfolderSpec = 10;
			files = (
				2EF5A4972E292DE8006CEDFD /* AgentsClientSDK in Embed Frameworks */,
			);
			name = "Embed Frameworks";
			runOnlyForDeploymentPostprocessing = 0;
		};
/* End PBXCopyFilesBuildPhase section */

/* Begin PBXFileReference section */
		2E3A3A4B2E15770A00D5400F /* TextClient.app */ = {isa = PBXFileReference; explicitFileType = wrapper.application; includeInIndex = 0; path = TextClient.app; sourceTree = BUILT_PRODUCTS_DIR; };
		2E3A3A5B2E15770B00D5400F /* TextClientTests.xctest */ = {isa = PBXFileReference; explicitFileType = wrapper.cfbundle; includeInIndex = 0; path = TextClientTests.xctest; sourceTree = BUILT_PRODUCTS_DIR; };
		2E3A3A652E15770B00D5400F /* TextClientUITests.xctest */ = {isa = PBXFileReference; explicitFileType = wrapper.cfbundle; includeInIndex = 0; path = TextClientUITests.xctest; sourceTree = BUILT_PRODUCTS_DIR; };
/* End PBXFileReference section */

/* Begin PBXFileSystemSynchronizedBuildFileExceptionSet section */
		2EE6CE1E2E28037A008ABFBA /* Exceptions for "TextClient" folder in "TextClient" target */ = {
			isa = PBXFileSystemSynchronizedBuildFileExceptionSet;
			membershipExceptions = (
				Info.plist,
			);
			target = 2E3A3A4A2E15770A00D5400F /* TextClient */;
		};
/* End PBXFileSystemSynchronizedBuildFileExceptionSet section */

/* Begin PBXFileSystemSynchronizedRootGroup section */
		2E3A3A4D2E15770A00D5400F /* TextClient */ = {
			isa = PBXFileSystemSynchronizedRootGroup;
			exceptions = (
				2EE6CE1E2E28037A008ABFBA /* Exceptions for "TextClient" folder in "TextClient" target */,
			);
			path = TextClient;
			sourceTree = "<group>";
		};
		2E3A3A5E2E15770B00D5400F /* TextClientTests */ = {
			isa = PBXFileSystemSynchronizedRootGroup;
			path = TextClientTests;
			sourceTree = "<group>";
		};
		2E3A3A682E15770B00D5400F /* TextClientUITests */ = {
			isa = PBXFileSystemSynchronizedRootGroup;
			path = TextClientUITests;
			sourceTree = "<group>";
		};
/* End PBXFileSystemSynchronizedRootGroup section */

/* Begin PBXFrameworksBuildPhase section */
		2E3A3A482E15770A00D5400F /* Frameworks */ = {
			isa = PBXFrameworksBuildPhase;
			buildActionMask = 2147483647;
			files = (
				2EF5A4962E292DE8006CEDFD /* AgentsClientSDK in Frameworks */,
			);
			runOnlyForDeploymentPostprocessing = 0;
		};
		2E3A3A582E15770B00D5400F /* Frameworks */ = {
			isa = PBXFrameworksBuildPhase;
			buildActionMask = 2147483647;
			files = (
			);
			runOnlyForDeploymentPostprocessing = 0;
		};
		2E3A3A622E15770B00D5400F /* Frameworks */ = {
			isa = PBXFrameworksBuildPhase;
			buildActionMask = 2147483647;
			files = (
			);
			runOnlyForDeploymentPostprocessing = 0;
		};
/* End PBXFrameworksBuildPhase section */

/* Begin PBXGroup section */
		2E3A3A422E15770A00D5400F = {
			isa = PBXGroup;
			children = (
				2E3A3A4D2E15770A00D5400F /* TextClient */,
				2E3A3A5E2E15770B00D5400F /* TextClientTests */,
				2E3A3A682E15770B00D5400F /* TextClientUITests */,
				2E3A3A882E1577EE00D5400F /* Frameworks */,
				2E3A3A4C2E15770A00D5400F /* Products */,
			);
			sourceTree = "<group>";
		};
		2E3A3A4C2E15770A00D5400F /* Products */ = {
			isa = PBXGroup;
			children = (
				2E3A3A4B2E15770A00D5400F /* TextClient.app */,
				2E3A3A5B2E15770B00D5400F /* TextClientTests.xctest */,
				2E3A3A652E15770B00D5400F /* TextClientUITests.xctest */,
			);
			name = Products;
			sourceTree = "<group>";
		};
		2E3A3A882E1577EE00D5400F /* Frameworks */ = {
			isa = PBXGroup;
			children = (
			);
			name = Frameworks;
			sourceTree = "<group>";
		};
/* End PBXGroup section */

/* Begin PBXNativeTarget section */
		2E3A3A4A2E15770A00D5400F /* TextClient */ = {
			isa = PBXNativeTarget;
			buildConfigurationList = 2E3A3A6F2E15770B00D5400F /* Build configuration list for PBXNativeTarget "TextClient" */;
			buildPhases = (
				2E3A3A472E15770A00D5400F /* Sources */,
				2E3A3A482E15770A00D5400F /* Frameworks */,
				2E3A3A492E15770A00D5400F /* Resources */,
				2E3A3A8C2E1577EE00D5400F /* Embed Frameworks */,
			);
			buildRules = (
			);
			dependencies = (
			);
			fileSystemSynchronizedGroups = (
				2E3A3A4D2E15770A00D5400F /* TextClient */,
			);
			name = TextClient;
			packageProductDependencies = (
				2EF5A4952E292DE8006CEDFD /* AgentsClientSDK */,
			);
			productName = SampleApp;
			productReference = 2E3A3A4B2E15770A00D5400F /* TextClient.app */;
			productType = "com.apple.product-type.application";
		};
		2E3A3A5A2E15770B00D5400F /* TextClientTests */ = {
			isa = PBXNativeTarget;
			buildConfigurationList = 2E3A3A722E15770B00D5400F /* Build configuration list for PBXNativeTarget "TextClientTests" */;
			buildPhases = (
				2E3A3A572E15770B00D5400F /* Sources */,
				2E3A3A582E15770B00D5400F /* Frameworks */,
				2E3A3A592E15770B00D5400F /* Resources */,
			);
			buildRules = (
			);
			dependencies = (
				2E3A3A5D2E15770B00D5400F /* PBXTargetDependency */,
			);
			fileSystemSynchronizedGroups = (
				2E3A3A5E2E15770B00D5400F /* TextClientTests */,
			);
			name = TextClientTests;
			packageProductDependencies = (
			);
			productName = SampleAppTests;
			productReference = 2E3A3A5B2E15770B00D5400F /* TextClientTests.xctest */;
			productType = "com.apple.product-type.bundle.unit-test";
		};
		2E3A3A642E15770B00D5400F /* TextClientUITests */ = {
			isa = PBXNativeTarget;
			buildConfigurationList = 2E3A3A752E15770B00D5400F /* Build configuration list for PBXNativeTarget "TextClientUITests" */;
			buildPhases = (
				2E3A3A612E15770B00D5400F /* Sources */,
				2E3A3A622E15770B00D5400F /* Frameworks */,
				2E3A3A632E15770B00D5400F /* Resources */,
			);
			buildRules = (
			);
			dependencies = (
				2E3A3A672E15770B00D5400F /* PBXTargetDependency */,
			);
			fileSystemSynchronizedGroups = (
				2E3A3A682E15770B00D5400F /* TextClientUITests */,
			);
			name = TextClientUITests;
			packageProductDependencies = (
			);
			productName = SampleAppUITests;
			productReference = 2E3A3A652E15770B00D5400F /* TextClientUITests.xctest */;
			productType = "com.apple.product-type.bundle.ui-testing";
		};
/* End PBXNativeTarget section */

/* Begin PBXProject section */
		2E3A3A432E15770A00D5400F /* Project object */ = {
			isa = PBXProject;
			attributes = {
				BuildIndependentTargetsInParallel = 1;
				LastSwiftUpdateCheck = 1620;
				LastUpgradeCheck = 1620;
				TargetAttributes = {
					2E3A3A4A2E15770A00D5400F = {
						CreatedOnToolsVersion = 16.2;
					};
					2E3A3A5A2E15770B00D5400F = {
						CreatedOnToolsVersion = 16.2;
						TestTargetID = 2E3A3A4A2E15770A00D5400F;
					};
					2E3A3A642E15770B00D5400F = {
						CreatedOnToolsVersion = 16.2;
						TestTargetID = 2E3A3A4A2E15770A00D5400F;
					};
				};
			};
			buildConfigurationList = 2E3A3A462E15770A00D5400F /* Build configuration list for PBXProject "TextClient" */;
			developmentRegion = en;
			hasScannedForEncodings = 0;
			knownRegions = (
				en,
				Base,
			);
			mainGroup = 2E3A3A422E15770A00D5400F;
			minimizedProjectReferenceProxies = 1;
			packageReferences = (
				2EF5A47F2E292D66006CEDFD /* XCLocalSwiftPackageReference "../../AgentsClientSDK" */,
			);
			preferredProjectObjectVersion = 77;
			productRefGroup = 2E3A3A4C2E15770A00D5400F /* Products */;
			projectDirPath = "";
			projectRoot = "";
			targets = (
				2E3A3A4A2E15770A00D5400F /* TextClient */,
				2E3A3A5A2E15770B00D5400F /* TextClientTests */,
				2E3A3A642E15770B00D5400F /* TextClientUITests */,
			);
		};
/* End PBXProject section */

/* Begin PBXResourcesBuildPhase section */
		2E3A3A492E15770A00D5400F /* Resources */ = {
			isa = PBXResourcesBuildPhase;
			buildActionMask = 2147483647;
			files = (
			);
			runOnlyForDeploymentPostprocessing = 0;
		};
		2E3A3A592E15770B00D5400F /* Resources */ = {
			isa = PBXResourcesBuildPhase;
			buildActionMask = 2147483647;
			files = (
			);
			runOnlyForDeploymentPostprocessing = 0;
		};
		2E3A3A632E15770B00D5400F /* Resources */ = {
			isa = PBXResourcesBuildPhase;
			buildActionMask = 2147483647;
			files = (
			);
			runOnlyForDeploymentPostprocessing = 0;
		};
/* End PBXResourcesBuildPhase section */

/* Begin PBXSourcesBuildPhase section */
		2E3A3A472E15770A00D5400F /* Sources */ = {
			isa = PBXSourcesBuildPhase;
			buildActionMask = 2147483647;
			files = (
			);
			runOnlyForDeploymentPostprocessing = 0;
		};
		2E3A3A572E15770B00D5400F /* Sources */ = {
			isa = PBXSourcesBuildPhase;
			buildActionMask = 2147483647;
			files = (
			);
			runOnlyForDeploymentPostprocessing = 0;
		};
		2E3A3A612E15770B00D5400F /* Sources */ = {
			isa = PBXSourcesBuildPhase;
			buildActionMask = 2147483647;
			files = (
			);
			runOnlyForDeploymentPostprocessing = 0;
		};
/* End PBXSourcesBuildPhase section */

/* Begin PBXTargetDependency section */
		2E3A3A5D2E15770B00D5400F /* PBXTargetDependency */ = {
			isa = PBXTargetDependency;
			target = 2E3A3A4A2E15770A00D5400F /* TextClient */;
			targetProxy = 2E3A3A5C2E15770B00D5400F /* PBXContainerItemProxy */;
		};
		2E3A3A672E15770B00D5400F /* PBXTargetDependency */ = {
			isa = PBXTargetDependency;
			target = 2E3A3A4A2E15770A00D5400F /* TextClient */;
			targetProxy = 2E3A3A662E15770B00D5400F /* PBXContainerItemProxy */;
		};
/* End PBXTargetDependency section */

/* Begin XCBuildConfiguration section */
		2E3A3A6D2E15770B00D5400F /* Debug */ = {
			isa = XCBuildConfiguration;
			buildSettings = {
				ALWAYS_SEARCH_USER_PATHS = NO;
				ASSETCATALOG_COMPILER_GENERATE_SWIFT_ASSET_SYMBOL_EXTENSIONS = YES;
				CLANG_ANALYZER_NONNULL = YES;
				CLANG_ANALYZER_NUMBER_OBJECT_CONVERSION = YES_AGGRESSIVE;
				CLANG_CXX_LANGUAGE_STANDARD = "gnu++20";
				CLANG_ENABLE_MODULES = YES;
				CLANG_ENABLE_OBJC_ARC = YES;
				CLANG_ENABLE_OBJC_WEAK = YES;
				CLANG_WARN_BLOCK_CAPTURE_AUTORELEASING = YES;
				CLANG_WARN_BOOL_CONVERSION = YES;
				CLANG_WARN_COMMA = YES;
				CLANG_WARN_CONSTANT_CONVERSION = YES;
				CLANG_WARN_DEPRECATED_OBJC_IMPLEMENTATIONS = YES;
				CLANG_WARN_DIRECT_OBJC_ISA_USAGE = YES_ERROR;
				CLANG_WARN_DOCUMENTATION_COMMENTS = YES;
				CLANG_WARN_EMPTY_BODY = YES;
				CLANG_WARN_ENUM_CONVERSION = YES;
				CLANG_WARN_INFINITE_RECURSION = YES;
				CLANG_WARN_INT_CONVERSION = YES;
				CLANG_WARN_NON_LITERAL_NULL_CONVERSION = YES;
				CLANG_WARN_OBJC_IMPLICIT_RETAIN_SELF = YES;
				CLANG_WARN_OBJC_LITERAL_CONVERSION = YES;
				CLANG_WARN_OBJC_ROOT_CLASS = YES_ERROR;
				CLANG_WARN_QUOTED_INCLUDE_IN_FRAMEWORK_HEADER = YES;
				CLANG_WARN_RANGE_LOOP_ANALYSIS = YES;
				CLANG_WARN_STRICT_PROTOTYPES = YES;
				CLANG_WARN_SUSPICIOUS_MOVE = YES;
				CLANG_WARN_UNGUARDED_AVAILABILITY = YES_AGGRESSIVE;
				CLANG_WARN_UNREACHABLE_CODE = YES;
				CLANG_WARN__DUPLICATE_METHOD_MATCH = YES;
				COPY_PHASE_STRIP = NO;
				DEBUG_INFORMATION_FORMAT = dwarf;
				ENABLE_STRICT_OBJC_MSGSEND = YES;
				ENABLE_TESTABILITY = YES;
				ENABLE_USER_SCRIPT_SANDBOXING = YES;
				GCC_C_LANGUAGE_STANDARD = gnu17;
				GCC_DYNAMIC_NO_PIC = NO;
				GCC_NO_COMMON_BLOCKS = YES;
				GCC_OPTIMIZATION_LEVEL = 0;
				GCC_PREPROCESSOR_DEFINITIONS = (
					"DEBUG=1",
					"$(inherited)",
				);
				GCC_WARN_64_TO_32_BIT_CONVERSION = YES;
				GCC_WARN_ABOUT_RETURN_TYPE = YES_ERROR;
				GCC_WARN_UNDECLARED_SELECTOR = YES;
				GCC_WARN_UNINITIALIZED_AUTOS = YES_AGGRESSIVE;
				GCC_WARN_UNUSED_FUNCTION = YES;
				GCC_WARN_UNUSED_VARIABLE = YES;
				IPHONEOS_DEPLOYMENT_TARGET = 18.2;
				LOCALIZATION_PREFERS_STRING_CATALOGS = YES;
				MTL_ENABLE_DEBUG_INFO = INCLUDE_SOURCE;
				MTL_FAST_MATH = YES;
				ONLY_ACTIVE_ARCH = YES;
				SDKROOT = iphoneos;
				SWIFT_ACTIVE_COMPILATION_CONDITIONS = "DEBUG $(inherited)";
				SWIFT_OPTIMIZATION_LEVEL = "-Onone";
			};
			name = Debug;
		};
		2E3A3A6E2E15770B00D5400F /* Release */ = {
			isa = XCBuildConfiguration;
			buildSettings = {
				ALWAYS_SEARCH_USER_PATHS = NO;
				ASSETCATALOG_COMPILER_GENERATE_SWIFT_ASSET_SYMBOL_EXTENSIONS = YES;
				CLANG_ANALYZER_NONNULL = YES;
				CLANG_ANALYZER_NUMBER_OBJECT_CONVERSION = YES_AGGRESSIVE;
				CLANG_CXX_LANGUAGE_STANDARD = "gnu++20";
				CLANG_ENABLE_MODULES = YES;
				CLANG_ENABLE_OBJC_ARC = YES;
				CLANG_ENABLE_OBJC_WEAK = YES;
				CLANG_WARN_BLOCK_CAPTURE_AUTORELEASING = YES;
				CLANG_WARN_BOOL_CONVERSION = YES;
				CLANG_WARN_COMMA = YES;
				CLANG_WARN_CONSTANT_CONVERSION = YES;
				CLANG_WARN_DEPRECATED_OBJC_IMPLEMENTATIONS = YES;
				CLANG_WARN_DIRECT_OBJC_ISA_USAGE = YES_ERROR;
				CLANG_WARN_DOCUMENTATION_COMMENTS = YES;
				CLANG_WARN_EMPTY_BODY = YES;
				CLANG_WARN_ENUM_CONVERSION = YES;
				CLANG_WARN_INFINITE_RECURSION = YES;
				CLANG_WARN_INT_CONVERSION = YES;
				CLANG_WARN_NON_LITERAL_NULL_CONVERSION = YES;
				CLANG_WARN_OBJC_IMPLICIT_RETAIN_SELF = YES;
				CLANG_WARN_OBJC_LITERAL_CONVERSION = YES;
				CLANG_WARN_OBJC_ROOT_CLASS = YES_ERROR;
				CLANG_WARN_QUOTED_INCLUDE_IN_FRAMEWORK_HEADER = YES;
				CLANG_WARN_RANGE_LOOP_ANALYSIS = YES;
				CLANG_WARN_STRICT_PROTOTYPES = YES;
				CLANG_WARN_SUSPICIOUS_MOVE = YES;
				CLANG_WARN_UNGUARDED_AVAILABILITY = YES_AGGRESSIVE;
				CLANG_WARN_UNREACHABLE_CODE = YES;
				CLANG_WARN__DUPLICATE_METHOD_MATCH = YES;
				COPY_PHASE_STRIP = NO;
				DEBUG_INFORMATION_FORMAT = "dwarf-with-dsym";
				ENABLE_NS_ASSERTIONS = NO;
				ENABLE_STRICT_OBJC_MSGSEND = YES;
				ENABLE_USER_SCRIPT_SANDBOXING = YES;
				GCC_C_LANGUAGE_STANDARD = gnu17;
				GCC_NO_COMMON_BLOCKS = YES;
				GCC_WARN_64_TO_32_BIT_CONVERSION = YES;
				GCC_WARN_ABOUT_RETURN_TYPE = YES_ERROR;
				GCC_WARN_UNDECLARED_SELECTOR = YES;
				GCC_WARN_UNINITIALIZED_AUTOS = YES_AGGRESSIVE;
				GCC_WARN_UNUSED_FUNCTION = YES;
				GCC_WARN_UNUSED_VARIABLE = YES;
				IPHONEOS_DEPLOYMENT_TARGET = 18.2;
				LOCALIZATION_PREFERS_STRING_CATALOGS = YES;
				MTL_ENABLE_DEBUG_INFO = NO;
				MTL_FAST_MATH = YES;
				SDKROOT = iphoneos;
				SWIFT_COMPILATION_MODE = wholemodule;
				VALIDATE_PRODUCT = YES;
			};
			name = Release;
		};
		2E3A3A702E15770B00D5400F /* Debug */ = {
			isa = XCBuildConfiguration;
			buildSettings = {
				ASSETCATALOG_COMPILER_APPICON_NAME = AppIcon;
				ASSETCATALOG_COMPILER_GLOBAL_ACCENT_COLOR_NAME = AccentColor;
				CODE_SIGN_STYLE = Automatic;
				CURRENT_PROJECT_VERSION = 1;
				DEVELOPMENT_ASSET_PATHS = "\"TextClient/Preview Content\"";
				DEVELOPMENT_TEAM = "";
				ENABLE_PREVIEWS = YES;
				GCC_PREPROCESSOR_DEFINITIONS = (
					"DEBUG=1",
					"SWIFT_PACKAGE=1",
					"$(inherited)",
				);
				GENERATE_INFOPLIST_FILE = YES;
				INFOPLIST_FILE = TextClient/Info.plist;
				INFOPLIST_KEY_UIApplicationSceneManifest_Generation = YES;
				INFOPLIST_KEY_UIApplicationSupportsIndirectInputEvents = YES;
				INFOPLIST_KEY_UILaunchScreen_Generation = YES;
				INFOPLIST_KEY_UISupportedInterfaceOrientations_iPad = "UIInterfaceOrientationPortrait UIInterfaceOrientationPortraitUpsideDown UIInterfaceOrientationLandscapeLeft UIInterfaceOrientationLandscapeRight";
				INFOPLIST_KEY_UISupportedInterfaceOrientations_iPhone = "UIInterfaceOrientationPortrait UIInterfaceOrientationLandscapeLeft UIInterfaceOrientationLandscapeRight";
				LD_RUNPATH_SEARCH_PATHS = (
					"$(inherited)",
					"@executable_path/Frameworks",
				);
				MARKETING_VERSION = 1.0;
				PRODUCT_NAME = "$(TARGET_NAME)";
				SWIFT_EMIT_LOC_STRINGS = YES;
				SWIFT_VERSION = 5.0;
				TARGETED_DEVICE_FAMILY = "1,2";
			};
			name = Debug;
		};
		2E3A3A712E15770B00D5400F /* Release */ = {
			isa = XCBuildConfiguration;
			buildSettings = {
				ASSETCATALOG_COMPILER_APPICON_NAME = AppIcon;
				ASSETCATALOG_COMPILER_GLOBAL_ACCENT_COLOR_NAME = AccentColor;
				CODE_SIGN_STYLE = Automatic;
				CURRENT_PROJECT_VERSION = 1;
				DEVELOPMENT_ASSET_PATHS = "\"TextClient/Preview Content\"";
				DEVELOPMENT_TEAM = "";
				ENABLE_PREVIEWS = YES;
				GCC_PREPROCESSOR_DEFINITIONS = "SWIFT_PACKAGE=1";
				GENERATE_INFOPLIST_FILE = YES;
				INFOPLIST_FILE = TextClient/Info.plist;
				INFOPLIST_KEY_UIApplicationSceneManifest_Generation = YES;
				INFOPLIST_KEY_UIApplicationSupportsIndirectInputEvents = YES;
				INFOPLIST_KEY_UILaunchScreen_Generation = YES;
				INFOPLIST_KEY_UISupportedInterfaceOrientations_iPad = "UIInterfaceOrientationPortrait UIInterfaceOrientationPortraitUpsideDown UIInterfaceOrientationLandscapeLeft UIInterfaceOrientationLandscapeRight";
				INFOPLIST_KEY_UISupportedInterfaceOrientations_iPhone = "UIInterfaceOrientationPortrait UIInterfaceOrientationLandscapeLeft UIInterfaceOrientationLandscapeRight";
				LD_RUNPATH_SEARCH_PATHS = (
					"$(inherited)",
					"@executable_path/Frameworks",
				);
				MARKETING_VERSION = 1.0;
				PRODUCT_NAME = "$(TARGET_NAME)";
				SWIFT_EMIT_LOC_STRINGS = YES;
				SWIFT_VERSION = 5.0;
				TARGETED_DEVICE_FAMILY = "1,2";
			};
			name = Release;
		};
		2E3A3A732E15770B00D5400F /* Debug */ = {
			isa = XCBuildConfiguration;
			buildSettings = {
				BUNDLE_LOADER = "$(TEST_HOST)";
				CODE_SIGN_STYLE = Automatic;
				CURRENT_PROJECT_VERSION = 1;
				GENERATE_INFOPLIST_FILE = YES;
				IPHONEOS_DEPLOYMENT_TARGET = 18.2;
				MARKETING_VERSION = 1.0;
				PRODUCT_BUNDLE_IDENTIFIER = test.SampleAppTests;
				PRODUCT_NAME = "$(TARGET_NAME)";
				SWIFT_EMIT_LOC_STRINGS = NO;
				SWIFT_VERSION = 5.0;
				TARGETED_DEVICE_FAMILY = "1,2";
				TEST_HOST = "$(BUILT_PRODUCTS_DIR)/TextClient.app/$(BUNDLE_EXECUTABLE_FOLDER_PATH)/TextClient";
			};
			name = Debug;
		};
		2E3A3A742E15770B00D5400F /* Release */ = {
			isa = XCBuildConfiguration;
			buildSettings = {
				BUNDLE_LOADER = "$(TEST_HOST)";
				CODE_SIGN_STYLE = Automatic;
				CURRENT_PROJECT_VERSION = 1;
				GENERATE_INFOPLIST_FILE = YES;
				IPHONEOS_DEPLOYMENT_TARGET = 18.2;
				MARKETING_VERSION = 1.0;
				PRODUCT_BUNDLE_IDENTIFIER = test.SampleAppTests;
				PRODUCT_NAME = "$(TARGET_NAME)";
				SWIFT_EMIT_LOC_STRINGS = NO;
				SWIFT_VERSION = 5.0;
				TARGETED_DEVICE_FAMILY = "1,2";
				TEST_HOST = "$(BUILT_PRODUCTS_DIR)/TextClient.app/$(BUNDLE_EXECUTABLE_FOLDER_PATH)/TextClient";
			};
			name = Release;
		};
		2E3A3A762E15770B00D5400F /* Debug */ = {
			isa = XCBuildConfiguration;
			buildSettings = {
				CODE_SIGN_STYLE = Automatic;
				CURRENT_PROJECT_VERSION = 1;
				GENERATE_INFOPLIST_FILE = YES;
				MARKETING_VERSION = 1.0;
				PRODUCT_BUNDLE_IDENTIFIER = test.SampleAppUITests;
				PRODUCT_NAME = "$(TARGET_NAME)";
				SWIFT_EMIT_LOC_STRINGS = NO;
				SWIFT_VERSION = 5.0;
				TARGETED_DEVICE_FAMILY = "1,2";
				TEST_TARGET_NAME = SampleApp;
			};
			name = Debug;
		};
		2E3A3A772E15770B00D5400F /* Release */ = {
			isa = XCBuildConfiguration;
			buildSettings = {
				CODE_SIGN_STYLE = Automatic;
				CURRENT_PROJECT_VERSION = 1;
				GENERATE_INFOPLIST_FILE = YES;
				MARKETING_VERSION = 1.0;
				PRODUCT_BUNDLE_IDENTIFIER = test.SampleAppUITests;
				PRODUCT_NAME = "$(TARGET_NAME)";
				SWIFT_EMIT_LOC_STRINGS = NO;
				SWIFT_VERSION = 5.0;
				TARGETED_DEVICE_FAMILY = "1,2";
				TEST_TARGET_NAME = SampleApp;
			};
			name = Release;
		};
/* End XCBuildConfiguration section */

/* Begin XCConfigurationList section */
		2E3A3A462E15770A00D5400F /* Build configuration list for PBXProject "TextClient" */ = {
			isa = XCConfigurationList;
			buildConfigurations = (
				2E3A3A6D2E15770B00D5400F /* Debug */,
				2E3A3A6E2E15770B00D5400F /* Release */,
			);
			defaultConfigurationIsVisible = 0;
			defaultConfigurationName = Release;
		};
		2E3A3A6F2E15770B00D5400F /* Build configuration list for PBXNativeTarget "TextClient" */ = {
			isa = XCConfigurationList;
			buildConfigurations = (
				2E3A3A702E15770B00D5400F /* Debug */,
				2E3A3A712E15770B00D5400F /* Release */,
			);
			defaultConfigurationIsVisible = 0;
			defaultConfigurationName = Release;
		};
		2E3A3A722E15770B00D5400F /* Build configuration list for PBXNativeTarget "TextClientTests" */ = {
			isa = XCConfigurationList;
			buildConfigurations = (
				2E3A3A732E15770B00D5400F /* Debug */,
				2E3A3A742E15770B00D5400F /* Release */,
			);
			defaultConfigurationIsVisible = 0;
			defaultConfigurationName = Release;
		};
		2E3A3A752E15770B00D5400F /* Build configuration list for PBXNativeTarget "TextClientUITests" */ = {
			isa = XCConfigurationList;
			buildConfigurations = (
				2E3A3A762E15770B00D5400F /* Debug */,
				2E3A3A772E15770B00D5400F /* Release */,
			);
			defaultConfigurationIsVisible = 0;
			defaultConfigurationName = Release;
		};
/* End XCConfigurationList section */

/* Begin XCLocalSwiftPackageReference section */
		2EF5A47F2E292D66006CEDFD /* XCLocalSwiftPackageReference "../../AgentsClientSDK" */ = {
			isa = XCLocalSwiftPackageReference;
			relativePath = ../../AgentsClientSDK;
		};
/* End XCLocalSwiftPackageReference section */

/* Begin XCSwiftPackageProductDependency section */
		2EF5A4952E292DE8006CEDFD /* AgentsClientSDK */ = {
			isa = XCSwiftPackageProductDependency;
			package = 2EF5A47F2E292D66006CEDFD /* XCLocalSwiftPackageReference "../../AgentsClientSDK" */;
			productName = AgentsClientSDK;
		};
/* End XCSwiftPackageProductDependency section */
	};
	rootObject = 2E3A3A432E15770A00D5400F /* Project object */;
}
